
Microsoft Visual Studio Solution File, Format Version 12.00
# Visual Studio Version 17
VisualStudioVersion = 17.8.34601.278
MinimumVisualStudioVersion = 10.0.40219.1
Project("{FAE04EC0-301F-11D3-BF4B-00C04F79EFBC}") = "kodlama.io", "kodlama.io\kodlama.io.csproj", "{FE9B1959-42CD-4C89-AE94-CA9358C30450}"
EndProject
Global
	GlobalSection(SolutionConfigurationPlatforms) = preSolution
		Debug|Any CPU = Debug|Any CPU
		Release|Any CPU = Release|Any CPU
	EndGlobalSection
	GlobalSection(ProjectConfigurationPlatforms) = postSolution
		{FE9B1959-42CD-4C89-AE94-CA9358C30450}.Debug|Any CPU.ActiveCfg = Debug|Any CPU
		{FE9B1959-42CD-4C89-AE94-CA9358C30450}.Debug|Any CPU.Build.0 = Debug|Any CPU
		{FE9B1959-42CD-4C89-AE94-CA9358C30450}.Release|Any CPU.ActiveCfg = Release|Any CPU
		{FE9B1959-42CD-4C89-AE94-CA9358C30450}.Release|Any CPU.Build.0 = Release|Any CPU
	EndGlobalSection
	GlobalSection(SolutionProperties) = preSolution
		HideSolutionNode = FALSE
	EndGlobalSection
	GlobalSection(ExtensibilityGlobals) = postSolution
		SolutionGuid = {D33E6A8C-ABD0-406F-9BD2-AF2B8DDD4901}
	EndGlobalSection
EndGlobal
