
Microsoft Visual Studio Solution File, Format Version 12.00
# Visual Studio Version 17
VisualStudioVersion = 17.8.34601.278
MinimumVisualStudioVersion = 10.0.40219.1
Project("{2150E333-8FDC-42A3-9474-1A3956D46DE8}") = "rentACar", "rentACar", "{3A4075B0-CE08-4465-8314-E7437758EEF5}"
EndProject
Project("{9A19103F-16F7-4668-BE54-9A1E7A4F7556}") = "Application", "rentACar\Application\Application.csproj", "{77562F1C-4673-4B87-8295-C6A18C072593}"
EndProject
Project("{9A19103F-16F7-4668-BE54-9A1E7A4F7556}") = "Domain", "rentACar\Domain\Domain.csproj", "{39B799FA-EBF6-44A4-B876-616BAD7C7232}"
EndProject
Project("{9A19103F-16F7-4668-BE54-9A1E7A4F7556}") = "Infstrastructure", "rentACar\Infstrastructure\Infstrastructure.csproj", "{A5B05B23-90D9-492F-A360-955E01B9220F}"
EndProject
Project("{9A19103F-16F7-4668-BE54-9A1E7A4F7556}") = "WebAPI", "rentACar\WebAPI\WebAPI.csproj", "{C68FEA7C-22E1-41E2-B889-4579A1E17FCB}"
EndProject
Project("{9A19103F-16F7-4668-BE54-9A1E7A4F7556}") = "Persistence", "rentACar\Persistence\Persistence.csproj", "{9F24EBA9-E4B0-4422-AEDC-8D7B7C5F955D}"
EndProject
Project("{9A19103F-16F7-4668-BE54-9A1E7A4F7556}") = "Core.Application", "corePackages\Core.Application\Core.Application.csproj", "{9BE1B387-D46D-4D4C-A808-DBBF1B0539A2}"
EndProject
Project("{9A19103F-16F7-4668-BE54-9A1E7A4F7556}") = "Core.CrossCuttingConcerns", "corePackages\Core.CrossCuttingConcers\Core.CrossCuttingConcerns.csproj", "{2C456980-66AC-449C-812F-3CB2384EDF1D}"
EndProject
Project("{9A19103F-16F7-4668-BE54-9A1E7A4F7556}") = "Core.Persistence", "corePackages\Core.Persistence\Core.Persistence.csproj", "{0E46A5F8-BE7B-49E4-B3F1-27DC9291D73E}"
EndProject
Project("{9A19103F-16F7-4668-BE54-9A1E7A4F7556}") = "Core.ElasticSearch", "corePackages\Core.ElasticSearch\Core.ElasticSearch.csproj", "{067EE481-7E8E-498F-80C1-E964A39BA7F4}"
EndProject
Project("{9A19103F-16F7-4668-BE54-9A1E7A4F7556}") = "Core.Mailing", "corePackages\Core.Mailing\Core.Mailing.csproj", "{617E59D1-37A2-458A-ABD7-2AAD0EFC32E3}"
EndProject
Project("{9A19103F-16F7-4668-BE54-9A1E7A4F7556}") = "Core.Security", "corePackages\Core.Security\Core.Security.csproj", "{8758DE66-01E0-4066-9822-CE77F94352B3}"
EndProject
Project("{2150E333-8FDC-42A3-9474-1A3956D46DE8}") = "corePackages", "corePackages", "{8A3AD5EB-F6AB-4A49-9C81-E95ECF6B5C05}"
EndProject
Project("{2150E333-8FDC-42A3-9474-1A3956D46DE8}") = "templateProject", "templateProject", "{DCAE2D82-92CF-453D-BC98-AC4FB5E773C6}"
EndProject
Project("{9A19103F-16F7-4668-BE54-9A1E7A4F7556}") = "Application", "templateProject\Application\Application.csproj", "{680DB148-399D-4EFF-B346-16047D460A7A}"
EndProject
Project("{9A19103F-16F7-4668-BE54-9A1E7A4F7556}") = "Domain", "templateProject\Domain\Domain.csproj", "{B4563B06-157D-47E7-B6AE-841870B4869F}"
EndProject
Project("{9A19103F-16F7-4668-BE54-9A1E7A4F7556}") = "Infrastructure", "templateProject\Infrastructure\Infrastructure.csproj", "{68EDD821-30E8-4254-9AC0-0802A81AB02A}"
EndProject
Project("{9A19103F-16F7-4668-BE54-9A1E7A4F7556}") = "Persistence", "templateProject\Persistence\Persistence.csproj", "{B53577C9-35C6-4CAB-8563-5038CC781AA3}"
EndProject
Project("{9A19103F-16F7-4668-BE54-9A1E7A4F7556}") = "WebAPI", "templateProject\WebAPI\WebAPI.csproj", "{E84C249C-AC89-4CD8-9A50-2493724C4EA7}"
EndProject
Global
	GlobalSection(SolutionConfigurationPlatforms) = preSolution
		Debug|Any CPU = Debug|Any CPU
		Release|Any CPU = Release|Any CPU
	EndGlobalSection
	GlobalSection(ProjectConfigurationPlatforms) = postSolution
		{77562F1C-4673-4B87-8295-C6A18C072593}.Debug|Any CPU.ActiveCfg = Debug|Any CPU
		{77562F1C-4673-4B87-8295-C6A18C072593}.Debug|Any CPU.Build.0 = Debug|Any CPU
		{77562F1C-4673-4B87-8295-C6A18C072593}.Release|Any CPU.ActiveCfg = Release|Any CPU
		{77562F1C-4673-4B87-8295-C6A18C072593}.Release|Any CPU.Build.0 = Release|Any CPU
		{39B799FA-EBF6-44A4-B876-616BAD7C7232}.Debug|Any CPU.ActiveCfg = Debug|Any CPU
		{39B799FA-EBF6-44A4-B876-616BAD7C7232}.Debug|Any CPU.Build.0 = Debug|Any CPU
		{39B799FA-EBF6-44A4-B876-616BAD7C7232}.Release|Any CPU.ActiveCfg = Release|Any CPU
		{39B799FA-EBF6-44A4-B876-616BAD7C7232}.Release|Any CPU.Build.0 = Release|Any CPU
		{A5B05B23-90D9-492F-A360-955E01B9220F}.Debug|Any CPU.ActiveCfg = Debug|Any CPU
		{A5B05B23-90D9-492F-A360-955E01B9220F}.Debug|Any CPU.Build.0 = Debug|Any CPU
		{A5B05B23-90D9-492F-A360-955E01B9220F}.Release|Any CPU.ActiveCfg = Release|Any CPU
		{A5B05B23-90D9-492F-A360-955E01B9220F}.Release|Any CPU.Build.0 = Release|Any CPU
		{C68FEA7C-22E1-41E2-B889-4579A1E17FCB}.Debug|Any CPU.ActiveCfg = Debug|Any CPU
		{C68FEA7C-22E1-41E2-B889-4579A1E17FCB}.Debug|Any CPU.Build.0 = Debug|Any CPU
		{C68FEA7C-22E1-41E2-B889-4579A1E17FCB}.Release|Any CPU.ActiveCfg = Release|Any CPU
		{C68FEA7C-22E1-41E2-B889-4579A1E17FCB}.Release|Any CPU.Build.0 = Release|Any CPU
		{9F24EBA9-E4B0-4422-AEDC-8D7B7C5F955D}.Debug|Any CPU.ActiveCfg = Debug|Any CPU
		{9F24EBA9-E4B0-4422-AEDC-8D7B7C5F955D}.Debug|Any CPU.Build.0 = Debug|Any CPU
		{9F24EBA9-E4B0-4422-AEDC-8D7B7C5F955D}.Release|Any CPU.ActiveCfg = Release|Any CPU
		{9F24EBA9-E4B0-4422-AEDC-8D7B7C5F955D}.Release|Any CPU.Build.0 = Release|Any CPU
		{9BE1B387-D46D-4D4C-A808-DBBF1B0539A2}.Debug|Any CPU.ActiveCfg = Debug|Any CPU
		{9BE1B387-D46D-4D4C-A808-DBBF1B0539A2}.Debug|Any CPU.Build.0 = Debug|Any CPU
		{9BE1B387-D46D-4D4C-A808-DBBF1B0539A2}.Release|Any CPU.ActiveCfg = Release|Any CPU
		{9BE1B387-D46D-4D4C-A808-DBBF1B0539A2}.Release|Any CPU.Build.0 = Release|Any CPU
		{2C456980-66AC-449C-812F-3CB2384EDF1D}.Debug|Any CPU.ActiveCfg = Debug|Any CPU
		{2C456980-66AC-449C-812F-3CB2384EDF1D}.Debug|Any CPU.Build.0 = Debug|Any CPU
		{2C456980-66AC-449C-812F-3CB2384EDF1D}.Release|Any CPU.ActiveCfg = Release|Any CPU
		{2C456980-66AC-449C-812F-3CB2384EDF1D}.Release|Any CPU.Build.0 = Release|Any CPU
		{0E46A5F8-BE7B-49E4-B3F1-27DC9291D73E}.Debug|Any CPU.ActiveCfg = Debug|Any CPU
		{0E46A5F8-BE7B-49E4-B3F1-27DC9291D73E}.Debug|Any CPU.Build.0 = Debug|Any CPU
		{0E46A5F8-BE7B-49E4-B3F1-27DC9291D73E}.Release|Any CPU.ActiveCfg = Release|Any CPU
		{0E46A5F8-BE7B-49E4-B3F1-27DC9291D73E}.Release|Any CPU.Build.0 = Release|Any CPU
		{067EE481-7E8E-498F-80C1-E964A39BA7F4}.Debug|Any CPU.ActiveCfg = Debug|Any CPU
		{067EE481-7E8E-498F-80C1-E964A39BA7F4}.Debug|Any CPU.Build.0 = Debug|Any CPU
		{067EE481-7E8E-498F-80C1-E964A39BA7F4}.Release|Any CPU.ActiveCfg = Release|Any CPU
		{067EE481-7E8E-498F-80C1-E964A39BA7F4}.Release|Any CPU.Build.0 = Release|Any CPU
		{617E59D1-37A2-458A-ABD7-2AAD0EFC32E3}.Debug|Any CPU.ActiveCfg = Debug|Any CPU
		{617E59D1-37A2-458A-ABD7-2AAD0EFC32E3}.Debug|Any CPU.Build.0 = Debug|Any CPU
		{617E59D1-37A2-458A-ABD7-2AAD0EFC32E3}.Release|Any CPU.ActiveCfg = Release|Any CPU
		{617E59D1-37A2-458A-ABD7-2AAD0EFC32E3}.Release|Any CPU.Build.0 = Release|Any CPU
		{8758DE66-01E0-4066-9822-CE77F94352B3}.Debug|Any CPU.ActiveCfg = Debug|Any CPU
		{8758DE66-01E0-4066-9822-CE77F94352B3}.Debug|Any CPU.Build.0 = Debug|Any CPU
		{8758DE66-01E0-4066-9822-CE77F94352B3}.Release|Any CPU.ActiveCfg = Release|Any CPU
		{8758DE66-01E0-4066-9822-CE77F94352B3}.Release|Any CPU.Build.0 = Release|Any CPU
		{680DB148-399D-4EFF-B346-16047D460A7A}.Debug|Any CPU.ActiveCfg = Debug|Any CPU
		{680DB148-399D-4EFF-B346-16047D460A7A}.Debug|Any CPU.Build.0 = Debug|Any CPU
		{680DB148-399D-4EFF-B346-16047D460A7A}.Release|Any CPU.ActiveCfg = Release|Any CPU
		{680DB148-399D-4EFF-B346-16047D460A7A}.Release|Any CPU.Build.0 = Release|Any CPU
		{B4563B06-157D-47E7-B6AE-841870B4869F}.Debug|Any CPU.ActiveCfg = Debug|Any CPU
		{B4563B06-157D-47E7-B6AE-841870B4869F}.Debug|Any CPU.Build.0 = Debug|Any CPU
		{B4563B06-157D-47E7-B6AE-841870B4869F}.Release|Any CPU.ActiveCfg = Release|Any CPU
		{B4563B06-157D-47E7-B6AE-841870B4869F}.Release|Any CPU.Build.0 = Release|Any CPU
		{68EDD821-30E8-4254-9AC0-0802A81AB02A}.Debug|Any CPU.ActiveCfg = Debug|Any CPU
		{68EDD821-30E8-4254-9AC0-0802A81AB02A}.Debug|Any CPU.Build.0 = Debug|Any CPU
		{68EDD821-30E8-4254-9AC0-0802A81AB02A}.Release|Any CPU.ActiveCfg = Release|Any CPU
		{68EDD821-30E8-4254-9AC0-0802A81AB02A}.Release|Any CPU.Build.0 = Release|Any CPU
		{B53577C9-35C6-4CAB-8563-5038CC781AA3}.Debug|Any CPU.ActiveCfg = Debug|Any CPU
		{B53577C9-35C6-4CAB-8563-5038CC781AA3}.Debug|Any CPU.Build.0 = Debug|Any CPU
		{B53577C9-35C6-4CAB-8563-5038CC781AA3}.Release|Any CPU.ActiveCfg = Release|Any CPU
		{B53577C9-35C6-4CAB-8563-5038CC781AA3}.Release|Any CPU.Build.0 = Release|Any CPU
		{E84C249C-AC89-4CD8-9A50-2493724C4EA7}.Debug|Any CPU.ActiveCfg = Debug|Any CPU
		{E84C249C-AC89-4CD8-9A50-2493724C4EA7}.Debug|Any CPU.Build.0 = Debug|Any CPU
		{E84C249C-AC89-4CD8-9A50-2493724C4EA7}.Release|Any CPU.ActiveCfg = Release|Any CPU
		{E84C249C-AC89-4CD8-9A50-2493724C4EA7}.Release|Any CPU.Build.0 = Release|Any CPU
	EndGlobalSection
	GlobalSection(SolutionProperties) = preSolution
		HideSolutionNode = FALSE
	EndGlobalSection
	GlobalSection(NestedProjects) = preSolution
		{77562F1C-4673-4B87-8295-C6A18C072593} = {3A4075B0-CE08-4465-8314-E7437758EEF5}
		{39B799FA-EBF6-44A4-B876-616BAD7C7232} = {3A4075B0-CE08-4465-8314-E7437758EEF5}
		{A5B05B23-90D9-492F-A360-955E01B9220F} = {3A4075B0-CE08-4465-8314-E7437758EEF5}
		{C68FEA7C-22E1-41E2-B889-4579A1E17FCB} = {3A4075B0-CE08-4465-8314-E7437758EEF5}
		{9F24EBA9-E4B0-4422-AEDC-8D7B7C5F955D} = {3A4075B0-CE08-4465-8314-E7437758EEF5}
		{9BE1B387-D46D-4D4C-A808-DBBF1B0539A2} = {8A3AD5EB-F6AB-4A49-9C81-E95ECF6B5C05}
		{2C456980-66AC-449C-812F-3CB2384EDF1D} = {8A3AD5EB-F6AB-4A49-9C81-E95ECF6B5C05}
		{0E46A5F8-BE7B-49E4-B3F1-27DC9291D73E} = {8A3AD5EB-F6AB-4A49-9C81-E95ECF6B5C05}
		{067EE481-7E8E-498F-80C1-E964A39BA7F4} = {8A3AD5EB-F6AB-4A49-9C81-E95ECF6B5C05}
		{617E59D1-37A2-458A-ABD7-2AAD0EFC32E3} = {8A3AD5EB-F6AB-4A49-9C81-E95ECF6B5C05}
		{8758DE66-01E0-4066-9822-CE77F94352B3} = {8A3AD5EB-F6AB-4A49-9C81-E95ECF6B5C05}
		{680DB148-399D-4EFF-B346-16047D460A7A} = {DCAE2D82-92CF-453D-BC98-AC4FB5E773C6}
		{B4563B06-157D-47E7-B6AE-841870B4869F} = {DCAE2D82-92CF-453D-BC98-AC4FB5E773C6}
		{68EDD821-30E8-4254-9AC0-0802A81AB02A} = {DCAE2D82-92CF-453D-BC98-AC4FB5E773C6}
		{B53577C9-35C6-4CAB-8563-5038CC781AA3} = {DCAE2D82-92CF-453D-BC98-AC4FB5E773C6}
		{E84C249C-AC89-4CD8-9A50-2493724C4EA7} = {DCAE2D82-92CF-453D-BC98-AC4FB5E773C6}
	EndGlobalSection
	GlobalSection(ExtensibilityGlobals) = postSolution
		SolutionGuid = {B459CE81-9771-4CFC-B227-D228D7EF3487}
	EndGlobalSection
EndGlobal
