
Microsoft Visual Studio Solution File, Format Version 12.00
# Visual Studio Version 17
VisualStudioVersion = 17.8.34525.116
MinimumVisualStudioVersion = 10.0.40219.1
Project("{FAE04EC0-301F-11D3-BF4B-00C04F79EFBC}") = "Workaround", "Workaround\Workaround.csproj", "{3065BD2C-BBEF-4E3B-B488-B3F66C9BC3B4}"
EndProject
Project("{FAE04EC0-301F-11D3-BF4B-00C04F79EFBC}") = "Entities", "Entities\Entities.csproj", "{532AF6D4-D757-4965-8648-19525D4763EC}"
EndProject
Project("{FAE04EC0-301F-11D3-BF4B-00C04F79EFBC}") = "Business", "Business\Business.csproj", "{80AAFA1F-31EB-4BFB-ACC4-B191FF41C48F}"
EndProject
Global
	GlobalSection(SolutionConfigurationPlatforms) = preSolution
		Debug|Any CPU = Debug|Any CPU
		Release|Any CPU = Release|Any CPU
	EndGlobalSection
	GlobalSection(ProjectConfigurationPlatforms) = postSolution
		{3065BD2C-BBEF-4E3B-B488-B3F66C9BC3B4}.Debug|Any CPU.ActiveCfg = Debug|Any CPU
		{3065BD2C-BBEF-4E3B-B488-B3F66C9BC3B4}.Debug|Any CPU.Build.0 = Debug|Any CPU
		{3065BD2C-BBEF-4E3B-B488-B3F66C9BC3B4}.Release|Any CPU.ActiveCfg = Release|Any CPU
		{3065BD2C-BBEF-4E3B-B488-B3F66C9BC3B4}.Release|Any CPU.Build.0 = Release|Any CPU
		{532AF6D4-D757-4965-8648-19525D4763EC}.Debug|Any CPU.ActiveCfg = Debug|Any CPU
		{532AF6D4-D757-4965-8648-19525D4763EC}.Debug|Any CPU.Build.0 = Debug|Any CPU
		{532AF6D4-D757-4965-8648-19525D4763EC}.Release|Any CPU.ActiveCfg = Release|Any CPU
		{532AF6D4-D757-4965-8648-19525D4763EC}.Release|Any CPU.Build.0 = Release|Any CPU
		{80AAFA1F-31EB-4BFB-ACC4-B191FF41C48F}.Debug|Any CPU.ActiveCfg = Debug|Any CPU
		{80AAFA1F-31EB-4BFB-ACC4-B191FF41C48F}.Debug|Any CPU.Build.0 = Debug|Any CPU
		{80AAFA1F-31EB-4BFB-ACC4-B191FF41C48F}.Release|Any CPU.ActiveCfg = Release|Any CPU
		{80AAFA1F-31EB-4BFB-ACC4-B191FF41C48F}.Release|Any CPU.Build.0 = Release|Any CPU
	EndGlobalSection
	GlobalSection(SolutionProperties) = preSolution
		HideSolutionNode = FALSE
	EndGlobalSection
	GlobalSection(ExtensibilityGlobals) = postSolution
		SolutionGuid = {6B48E340-36A1-4AF5-9CB3-A8670195BEB6}
	EndGlobalSection
EndGlobal
