
Microsoft Visual Studio Solution File, Format Version 12.00
# Visual Studio Version 17
VisualStudioVersion = 17.8.34601.278
MinimumVisualStudioVersion = 10.0.40219.1
Project("{9A19103F-16F7-4668-BE54-9A1E7A4F7556}") = "TypesAndVariables", "TypesAndVariables\TypesAndVariables.csproj", "{B0FF5008-7D67-4780-956E-022EFC87A703}"
EndProject
Project("{9A19103F-16F7-4668-BE54-9A1E7A4F7556}") = "Conditionals", "Conditionals\Conditionals.csproj", "{68AA041D-D62E-4957-B59F-74C82EA6D5C4}"
EndProject
Project("{9A19103F-16F7-4668-BE54-9A1E7A4F7556}") = "Methods", "Methods\Methods.csproj", "{18DF6E1C-141F-43BC-A2BC-223558B0D558}"
EndProject
Project("{9A19103F-16F7-4668-BE54-9A1E7A4F7556}") = "Arrays", "Arrays\Arrays.csproj", "{1C7245EE-EF4D-444F-9D3D-630515DA4981}"
EndProject
Project("{9A19103F-16F7-4668-BE54-9A1E7A4F7556}") = "Loops", "Loops\Loops.csproj", "{2A68F376-20FC-483B-AFE9-8EDFAEA42299}"
EndProject
Project("{9A19103F-16F7-4668-BE54-9A1E7A4F7556}") = "Strings", "Strings\Strings.csproj", "{BBFC5EE2-A8DE-4E65-BCDA-AD7A28CA6970}"
EndProject
Project("{9A19103F-16F7-4668-BE54-9A1E7A4F7556}") = "Classes", "Classes\Classes.csproj", "{2886A0CC-CE6D-47AF-BD6B-24290B003B9D}"
EndProject
Project("{FAE04EC0-301F-11D3-BF4B-00C04F79EFBC}") = "Interfaces", "Interfaces\Interfaces.csproj", "{80B75CA5-1D31-4421-9440-0FE43FAA02A8}"
EndProject
Global
	GlobalSection(SolutionConfigurationPlatforms) = preSolution
		Debug|Any CPU = Debug|Any CPU
		Debug|ARM = Debug|ARM
		Debug|ARM64 = Debug|ARM64
		Debug|x64 = Debug|x64
		Debug|x86 = Debug|x86
		Release|Any CPU = Release|Any CPU
		Release|ARM = Release|ARM
		Release|ARM64 = Release|ARM64
		Release|x64 = Release|x64
		Release|x86 = Release|x86
	EndGlobalSection
	GlobalSection(ProjectConfigurationPlatforms) = postSolution
		{B0FF5008-7D67-4780-956E-022EFC87A703}.Debug|Any CPU.ActiveCfg = Debug|Any CPU
		{B0FF5008-7D67-4780-956E-022EFC87A703}.Debug|Any CPU.Build.0 = Debug|Any CPU
		{B0FF5008-7D67-4780-956E-022EFC87A703}.Debug|ARM.ActiveCfg = Debug|Any CPU
		{B0FF5008-7D67-4780-956E-022EFC87A703}.Debug|ARM.Build.0 = Debug|Any CPU
		{B0FF5008-7D67-4780-956E-022EFC87A703}.Debug|ARM64.ActiveCfg = Debug|Any CPU
		{B0FF5008-7D67-4780-956E-022EFC87A703}.Debug|ARM64.Build.0 = Debug|Any CPU
		{B0FF5008-7D67-4780-956E-022EFC87A703}.Debug|x64.ActiveCfg = Debug|Any CPU
		{B0FF5008-7D67-4780-956E-022EFC87A703}.Debug|x64.Build.0 = Debug|Any CPU
		{B0FF5008-7D67-4780-956E-022EFC87A703}.Debug|x86.ActiveCfg = Debug|Any CPU
		{B0FF5008-7D67-4780-956E-022EFC87A703}.Debug|x86.Build.0 = Debug|Any CPU
		{B0FF5008-7D67-4780-956E-022EFC87A703}.Release|Any CPU.ActiveCfg = Release|Any CPU
		{B0FF5008-7D67-4780-956E-022EFC87A703}.Release|Any CPU.Build.0 = Release|Any CPU
		{B0FF5008-7D67-4780-956E-022EFC87A703}.Release|ARM.ActiveCfg = Release|Any CPU
		{B0FF5008-7D67-4780-956E-022EFC87A703}.Release|ARM.Build.0 = Release|Any CPU
		{B0FF5008-7D67-4780-956E-022EFC87A703}.Release|ARM64.ActiveCfg = Release|Any CPU
		{B0FF5008-7D67-4780-956E-022EFC87A703}.Release|ARM64.Build.0 = Release|Any CPU
		{B0FF5008-7D67-4780-956E-022EFC87A703}.Release|x64.ActiveCfg = Release|Any CPU
		{B0FF5008-7D67-4780-956E-022EFC87A703}.Release|x64.Build.0 = Release|Any CPU
		{B0FF5008-7D67-4780-956E-022EFC87A703}.Release|x86.ActiveCfg = Release|Any CPU
		{B0FF5008-7D67-4780-956E-022EFC87A703}.Release|x86.Build.0 = Release|Any CPU
		{68AA041D-D62E-4957-B59F-74C82EA6D5C4}.Debug|Any CPU.ActiveCfg = Debug|Any CPU
		{68AA041D-D62E-4957-B59F-74C82EA6D5C4}.Debug|Any CPU.Build.0 = Debug|Any CPU
		{68AA041D-D62E-4957-B59F-74C82EA6D5C4}.Debug|ARM.ActiveCfg = Debug|Any CPU
		{68AA041D-D62E-4957-B59F-74C82EA6D5C4}.Debug|ARM.Build.0 = Debug|Any CPU
		{68AA041D-D62E-4957-B59F-74C82EA6D5C4}.Debug|ARM64.ActiveCfg = Debug|Any CPU
		{68AA041D-D62E-4957-B59F-74C82EA6D5C4}.Debug|ARM64.Build.0 = Debug|Any CPU
		{68AA041D-D62E-4957-B59F-74C82EA6D5C4}.Debug|x64.ActiveCfg = Debug|Any CPU
		{68AA041D-D62E-4957-B59F-74C82EA6D5C4}.Debug|x64.Build.0 = Debug|Any CPU
		{68AA041D-D62E-4957-B59F-74C82EA6D5C4}.Debug|x86.ActiveCfg = Debug|Any CPU
		{68AA041D-D62E-4957-B59F-74C82EA6D5C4}.Debug|x86.Build.0 = Debug|Any CPU
		{68AA041D-D62E-4957-B59F-74C82EA6D5C4}.Release|Any CPU.ActiveCfg = Release|Any CPU
		{68AA041D-D62E-4957-B59F-74C82EA6D5C4}.Release|Any CPU.Build.0 = Release|Any CPU
		{68AA041D-D62E-4957-B59F-74C82EA6D5C4}.Release|ARM.ActiveCfg = Release|Any CPU
		{68AA041D-D62E-4957-B59F-74C82EA6D5C4}.Release|ARM.Build.0 = Release|Any CPU
		{68AA041D-D62E-4957-B59F-74C82EA6D5C4}.Release|ARM64.ActiveCfg = Release|Any CPU
		{68AA041D-D62E-4957-B59F-74C82EA6D5C4}.Release|ARM64.Build.0 = Release|Any CPU
		{68AA041D-D62E-4957-B59F-74C82EA6D5C4}.Release|x64.ActiveCfg = Release|Any CPU
		{68AA041D-D62E-4957-B59F-74C82EA6D5C4}.Release|x64.Build.0 = Release|Any CPU
		{68AA041D-D62E-4957-B59F-74C82EA6D5C4}.Release|x86.ActiveCfg = Release|Any CPU
		{68AA041D-D62E-4957-B59F-74C82EA6D5C4}.Release|x86.Build.0 = Release|Any CPU
		{18DF6E1C-141F-43BC-A2BC-223558B0D558}.Debug|Any CPU.ActiveCfg = Debug|Any CPU
		{18DF6E1C-141F-43BC-A2BC-223558B0D558}.Debug|Any CPU.Build.0 = Debug|Any CPU
		{18DF6E1C-141F-43BC-A2BC-223558B0D558}.Debug|ARM.ActiveCfg = Debug|Any CPU
		{18DF6E1C-141F-43BC-A2BC-223558B0D558}.Debug|ARM.Build.0 = Debug|Any CPU
		{18DF6E1C-141F-43BC-A2BC-223558B0D558}.Debug|ARM64.ActiveCfg = Debug|Any CPU
		{18DF6E1C-141F-43BC-A2BC-223558B0D558}.Debug|ARM64.Build.0 = Debug|Any CPU
		{18DF6E1C-141F-43BC-A2BC-223558B0D558}.Debug|x64.ActiveCfg = Debug|Any CPU
		{18DF6E1C-141F-43BC-A2BC-223558B0D558}.Debug|x64.Build.0 = Debug|Any CPU
		{18DF6E1C-141F-43BC-A2BC-223558B0D558}.Debug|x86.ActiveCfg = Debug|Any CPU
		{18DF6E1C-141F-43BC-A2BC-223558B0D558}.Debug|x86.Build.0 = Debug|Any CPU
		{18DF6E1C-141F-43BC-A2BC-223558B0D558}.Release|Any CPU.ActiveCfg = Release|Any CPU
		{18DF6E1C-141F-43BC-A2BC-223558B0D558}.Release|Any CPU.Build.0 = Release|Any CPU
		{18DF6E1C-141F-43BC-A2BC-223558B0D558}.Release|ARM.ActiveCfg = Release|Any CPU
		{18DF6E1C-141F-43BC-A2BC-223558B0D558}.Release|ARM.Build.0 = Release|Any CPU
		{18DF6E1C-141F-43BC-A2BC-223558B0D558}.Release|ARM64.ActiveCfg = Release|Any CPU
		{18DF6E1C-141F-43BC-A2BC-223558B0D558}.Release|ARM64.Build.0 = Release|Any CPU
		{18DF6E1C-141F-43BC-A2BC-223558B0D558}.Release|x64.ActiveCfg = Release|Any CPU
		{18DF6E1C-141F-43BC-A2BC-223558B0D558}.Release|x64.Build.0 = Release|Any CPU
		{18DF6E1C-141F-43BC-A2BC-223558B0D558}.Release|x86.ActiveCfg = Release|Any CPU
		{18DF6E1C-141F-43BC-A2BC-223558B0D558}.Release|x86.Build.0 = Release|Any CPU
		{1C7245EE-EF4D-444F-9D3D-630515DA4981}.Debug|Any CPU.ActiveCfg = Debug|Any CPU
		{1C7245EE-EF4D-444F-9D3D-630515DA4981}.Debug|Any CPU.Build.0 = Debug|Any CPU
		{1C7245EE-EF4D-444F-9D3D-630515DA4981}.Debug|ARM.ActiveCfg = Debug|Any CPU
		{1C7245EE-EF4D-444F-9D3D-630515DA4981}.Debug|ARM.Build.0 = Debug|Any CPU
		{1C7245EE-EF4D-444F-9D3D-630515DA4981}.Debug|ARM64.ActiveCfg = Debug|Any CPU
		{1C7245EE-EF4D-444F-9D3D-630515DA4981}.Debug|ARM64.Build.0 = Debug|Any CPU
		{1C7245EE-EF4D-444F-9D3D-630515DA4981}.Debug|x64.ActiveCfg = Debug|Any CPU
		{1C7245EE-EF4D-444F-9D3D-630515DA4981}.Debug|x64.Build.0 = Debug|Any CPU
		{1C7245EE-EF4D-444F-9D3D-630515DA4981}.Debug|x86.ActiveCfg = Debug|Any CPU
		{1C7245EE-EF4D-444F-9D3D-630515DA4981}.Debug|x86.Build.0 = Debug|Any CPU
		{1C7245EE-EF4D-444F-9D3D-630515DA4981}.Release|Any CPU.ActiveCfg = Release|Any CPU
		{1C7245EE-EF4D-444F-9D3D-630515DA4981}.Release|Any CPU.Build.0 = Release|Any CPU
		{1C7245EE-EF4D-444F-9D3D-630515DA4981}.Release|ARM.ActiveCfg = Release|Any CPU
		{1C7245EE-EF4D-444F-9D3D-630515DA4981}.Release|ARM.Build.0 = Release|Any CPU
		{1C7245EE-EF4D-444F-9D3D-630515DA4981}.Release|ARM64.ActiveCfg = Release|Any CPU
		{1C7245EE-EF4D-444F-9D3D-630515DA4981}.Release|ARM64.Build.0 = Release|Any CPU
		{1C7245EE-EF4D-444F-9D3D-630515DA4981}.Release|x64.ActiveCfg = Release|Any CPU
		{1C7245EE-EF4D-444F-9D3D-630515DA4981}.Release|x64.Build.0 = Release|Any CPU
		{1C7245EE-EF4D-444F-9D3D-630515DA4981}.Release|x86.ActiveCfg = Release|Any CPU
		{1C7245EE-EF4D-444F-9D3D-630515DA4981}.Release|x86.Build.0 = Release|Any CPU
		{2A68F376-20FC-483B-AFE9-8EDFAEA42299}.Debug|Any CPU.ActiveCfg = Debug|Any CPU
		{2A68F376-20FC-483B-AFE9-8EDFAEA42299}.Debug|Any CPU.Build.0 = Debug|Any CPU
		{2A68F376-20FC-483B-AFE9-8EDFAEA42299}.Debug|ARM.ActiveCfg = Debug|Any CPU
		{2A68F376-20FC-483B-AFE9-8EDFAEA42299}.Debug|ARM.Build.0 = Debug|Any CPU
		{2A68F376-20FC-483B-AFE9-8EDFAEA42299}.Debug|ARM64.ActiveCfg = Debug|Any CPU
		{2A68F376-20FC-483B-AFE9-8EDFAEA42299}.Debug|ARM64.Build.0 = Debug|Any CPU
		{2A68F376-20FC-483B-AFE9-8EDFAEA42299}.Debug|x64.ActiveCfg = Debug|Any CPU
		{2A68F376-20FC-483B-AFE9-8EDFAEA42299}.Debug|x64.Build.0 = Debug|Any CPU
		{2A68F376-20FC-483B-AFE9-8EDFAEA42299}.Debug|x86.ActiveCfg = Debug|Any CPU
		{2A68F376-20FC-483B-AFE9-8EDFAEA42299}.Debug|x86.Build.0 = Debug|Any CPU
		{2A68F376-20FC-483B-AFE9-8EDFAEA42299}.Release|Any CPU.ActiveCfg = Release|Any CPU
		{2A68F376-20FC-483B-AFE9-8EDFAEA42299}.Release|Any CPU.Build.0 = Release|Any CPU
		{2A68F376-20FC-483B-AFE9-8EDFAEA42299}.Release|ARM.ActiveCfg = Release|Any CPU
		{2A68F376-20FC-483B-AFE9-8EDFAEA42299}.Release|ARM.Build.0 = Release|Any CPU
		{2A68F376-20FC-483B-AFE9-8EDFAEA42299}.Release|ARM64.ActiveCfg = Release|Any CPU
		{2A68F376-20FC-483B-AFE9-8EDFAEA42299}.Release|ARM64.Build.0 = Release|Any CPU
		{2A68F376-20FC-483B-AFE9-8EDFAEA42299}.Release|x64.ActiveCfg = Release|Any CPU
		{2A68F376-20FC-483B-AFE9-8EDFAEA42299}.Release|x64.Build.0 = Release|Any CPU
		{2A68F376-20FC-483B-AFE9-8EDFAEA42299}.Release|x86.ActiveCfg = Release|Any CPU
		{2A68F376-20FC-483B-AFE9-8EDFAEA42299}.Release|x86.Build.0 = Release|Any CPU
		{BBFC5EE2-A8DE-4E65-BCDA-AD7A28CA6970}.Debug|Any CPU.ActiveCfg = Debug|Any CPU
		{BBFC5EE2-A8DE-4E65-BCDA-AD7A28CA6970}.Debug|Any CPU.Build.0 = Debug|Any CPU
		{BBFC5EE2-A8DE-4E65-BCDA-AD7A28CA6970}.Debug|ARM.ActiveCfg = Debug|Any CPU
		{BBFC5EE2-A8DE-4E65-BCDA-AD7A28CA6970}.Debug|ARM.Build.0 = Debug|Any CPU
		{BBFC5EE2-A8DE-4E65-BCDA-AD7A28CA6970}.Debug|ARM64.ActiveCfg = Debug|Any CPU
		{BBFC5EE2-A8DE-4E65-BCDA-AD7A28CA6970}.Debug|ARM64.Build.0 = Debug|Any CPU
		{BBFC5EE2-A8DE-4E65-BCDA-AD7A28CA6970}.Debug|x64.ActiveCfg = Debug|Any CPU
		{BBFC5EE2-A8DE-4E65-BCDA-AD7A28CA6970}.Debug|x64.Build.0 = Debug|Any CPU
		{BBFC5EE2-A8DE-4E65-BCDA-AD7A28CA6970}.Debug|x86.ActiveCfg = Debug|Any CPU
		{BBFC5EE2-A8DE-4E65-BCDA-AD7A28CA6970}.Debug|x86.Build.0 = Debug|Any CPU
		{BBFC5EE2-A8DE-4E65-BCDA-AD7A28CA6970}.Release|Any CPU.ActiveCfg = Release|Any CPU
		{BBFC5EE2-A8DE-4E65-BCDA-AD7A28CA6970}.Release|Any CPU.Build.0 = Release|Any CPU
		{BBFC5EE2-A8DE-4E65-BCDA-AD7A28CA6970}.Release|ARM.ActiveCfg = Release|Any CPU
		{BBFC5EE2-A8DE-4E65-BCDA-AD7A28CA6970}.Release|ARM.Build.0 = Release|Any CPU
		{BBFC5EE2-A8DE-4E65-BCDA-AD7A28CA6970}.Release|ARM64.ActiveCfg = Release|Any CPU
		{BBFC5EE2-A8DE-4E65-BCDA-AD7A28CA6970}.Release|ARM64.Build.0 = Release|Any CPU
		{BBFC5EE2-A8DE-4E65-BCDA-AD7A28CA6970}.Release|x64.ActiveCfg = Release|Any CPU
		{BBFC5EE2-A8DE-4E65-BCDA-AD7A28CA6970}.Release|x64.Build.0 = Release|Any CPU
		{BBFC5EE2-A8DE-4E65-BCDA-AD7A28CA6970}.Release|x86.ActiveCfg = Release|Any CPU
		{BBFC5EE2-A8DE-4E65-BCDA-AD7A28CA6970}.Release|x86.Build.0 = Release|Any CPU
		{2886A0CC-CE6D-47AF-BD6B-24290B003B9D}.Debug|Any CPU.ActiveCfg = Debug|Any CPU
		{2886A0CC-CE6D-47AF-BD6B-24290B003B9D}.Debug|Any CPU.Build.0 = Debug|Any CPU
		{2886A0CC-CE6D-47AF-BD6B-24290B003B9D}.Debug|ARM.ActiveCfg = Debug|Any CPU
		{2886A0CC-CE6D-47AF-BD6B-24290B003B9D}.Debug|ARM.Build.0 = Debug|Any CPU
		{2886A0CC-CE6D-47AF-BD6B-24290B003B9D}.Debug|ARM64.ActiveCfg = Debug|Any CPU
		{2886A0CC-CE6D-47AF-BD6B-24290B003B9D}.Debug|ARM64.Build.0 = Debug|Any CPU
		{2886A0CC-CE6D-47AF-BD6B-24290B003B9D}.Debug|x64.ActiveCfg = Debug|Any CPU
		{2886A0CC-CE6D-47AF-BD6B-24290B003B9D}.Debug|x64.Build.0 = Debug|Any CPU
		{2886A0CC-CE6D-47AF-BD6B-24290B003B9D}.Debug|x86.ActiveCfg = Debug|Any CPU
		{2886A0CC-CE6D-47AF-BD6B-24290B003B9D}.Debug|x86.Build.0 = Debug|Any CPU
		{2886A0CC-CE6D-47AF-BD6B-24290B003B9D}.Release|Any CPU.ActiveCfg = Release|Any CPU
		{2886A0CC-CE6D-47AF-BD6B-24290B003B9D}.Release|Any CPU.Build.0 = Release|Any CPU
		{2886A0CC-CE6D-47AF-BD6B-24290B003B9D}.Release|ARM.ActiveCfg = Release|Any CPU
		{2886A0CC-CE6D-47AF-BD6B-24290B003B9D}.Release|ARM.Build.0 = Release|Any CPU
		{2886A0CC-CE6D-47AF-BD6B-24290B003B9D}.Release|ARM64.ActiveCfg = Release|Any CPU
		{2886A0CC-CE6D-47AF-BD6B-24290B003B9D}.Release|ARM64.Build.0 = Release|Any CPU
		{2886A0CC-CE6D-47AF-BD6B-24290B003B9D}.Release|x64.ActiveCfg = Release|Any CPU
		{2886A0CC-CE6D-47AF-BD6B-24290B003B9D}.Release|x64.Build.0 = Release|Any CPU
		{2886A0CC-CE6D-47AF-BD6B-24290B003B9D}.Release|x86.ActiveCfg = Release|Any CPU
		{2886A0CC-CE6D-47AF-BD6B-24290B003B9D}.Release|x86.Build.0 = Release|Any CPU
		{80B75CA5-1D31-4421-9440-0FE43FAA02A8}.Debug|Any CPU.ActiveCfg = Debug|Any CPU
		{80B75CA5-1D31-4421-9440-0FE43FAA02A8}.Debug|Any CPU.Build.0 = Debug|Any CPU
		{80B75CA5-1D31-4421-9440-0FE43FAA02A8}.Debug|ARM.ActiveCfg = Debug|Any CPU
		{80B75CA5-1D31-4421-9440-0FE43FAA02A8}.Debug|ARM.Build.0 = Debug|Any CPU
		{80B75CA5-1D31-4421-9440-0FE43FAA02A8}.Debug|ARM64.ActiveCfg = Debug|Any CPU
		{80B75CA5-1D31-4421-9440-0FE43FAA02A8}.Debug|ARM64.Build.0 = Debug|Any CPU
		{80B75CA5-1D31-4421-9440-0FE43FAA02A8}.Debug|x64.ActiveCfg = Debug|Any CPU
		{80B75CA5-1D31-4421-9440-0FE43FAA02A8}.Debug|x64.Build.0 = Debug|Any CPU
		{80B75CA5-1D31-4421-9440-0FE43FAA02A8}.Debug|x86.ActiveCfg = Debug|Any CPU
		{80B75CA5-1D31-4421-9440-0FE43FAA02A8}.Debug|x86.Build.0 = Debug|Any CPU
		{80B75CA5-1D31-4421-9440-0FE43FAA02A8}.Release|Any CPU.ActiveCfg = Release|Any CPU
		{80B75CA5-1D31-4421-9440-0FE43FAA02A8}.Release|Any CPU.Build.0 = Release|Any CPU
		{80B75CA5-1D31-4421-9440-0FE43FAA02A8}.Release|ARM.ActiveCfg = Release|Any CPU
		{80B75CA5-1D31-4421-9440-0FE43FAA02A8}.Release|ARM.Build.0 = Release|Any CPU
		{80B75CA5-1D31-4421-9440-0FE43FAA02A8}.Release|ARM64.ActiveCfg = Release|Any CPU
		{80B75CA5-1D31-4421-9440-0FE43FAA02A8}.Release|ARM64.Build.0 = Release|Any CPU
		{80B75CA5-1D31-4421-9440-0FE43FAA02A8}.Release|x64.ActiveCfg = Release|Any CPU
		{80B75CA5-1D31-4421-9440-0FE43FAA02A8}.Release|x64.Build.0 = Release|Any CPU
		{80B75CA5-1D31-4421-9440-0FE43FAA02A8}.Release|x86.ActiveCfg = Release|Any CPU
		{80B75CA5-1D31-4421-9440-0FE43FAA02A8}.Release|x86.Build.0 = Release|Any CPU
	EndGlobalSection
	GlobalSection(SolutionProperties) = preSolution
		HideSolutionNode = FALSE
	EndGlobalSection
	GlobalSection(ExtensibilityGlobals) = postSolution
		SolutionGuid = {3669F249-D173-4982-95CE-25B841FA0B4E}
	EndGlobalSection
EndGlobal
